
Microsoft Visual Studio Solution File, Format Version 12.00
# Visual Studio Version 17
VisualStudioVersion = 17.8.34511.84
MinimumVisualStudioVersion = 10.0.40219.1
Project("{9A19103F-16F7-4668-BE54-9A1E7A4F7556}") = "Skinet", "Skinet\Skinet.csproj", "{7070D8E7-2D35-43ED-834D-8681324AB704}"
EndProject
Project("{FAE04EC0-301F-11D3-BF4B-00C04F79EFBC}") = "Core", "Core\Core.csproj", "{6A422204-5247-4432-A7AE-1FFFD7D268DB}"
EndProject
Project("{FAE04EC0-301F-11D3-BF4B-00C04F79EFBC}") = "Infrastructure", "Infrastructure\Infrastructure.csproj", "{8CDD6778-5C78-4F14-AA05-F1767CF0E116}"
EndProject
Project("{2150E333-8FDC-42A3-9474-1A3956D46DE8}") = ".gitignore", ".gitignore", "{7FB69851-1C51-4860-912B-9BE5ED27AF4E}"
	ProjectSection(SolutionItems) = preProject
		.gitignore = .gitignore
	EndProjectSection
EndProject
Global
	GlobalSection(SolutionConfigurationPlatforms) = preSolution
		Debug|Any CPU = Debug|Any CPU
		Release|Any CPU = Release|Any CPU
	EndGlobalSection
	GlobalSection(ProjectConfigurationPlatforms) = postSolution
		{7070D8E7-2D35-43ED-834D-8681324AB704}.Debug|Any CPU.ActiveCfg = Debug|Any CPU
		{7070D8E7-2D35-43ED-834D-8681324AB704}.Debug|Any CPU.Build.0 = Debug|Any CPU
		{7070D8E7-2D35-43ED-834D-8681324AB704}.Release|Any CPU.ActiveCfg = Release|Any CPU
		{7070D8E7-2D35-43ED-834D-8681324AB704}.Release|Any CPU.Build.0 = Release|Any CPU
		{6A422204-5247-4432-A7AE-1FFFD7D268DB}.Debug|Any CPU.ActiveCfg = Debug|Any CPU
		{6A422204-5247-4432-A7AE-1FFFD7D268DB}.Debug|Any CPU.Build.0 = Debug|Any CPU
		{6A422204-5247-4432-A7AE-1FFFD7D268DB}.Release|Any CPU.ActiveCfg = Release|Any CPU
		{6A422204-5247-4432-A7AE-1FFFD7D268DB}.Release|Any CPU.Build.0 = Release|Any CPU
		{8CDD6778-5C78-4F14-AA05-F1767CF0E116}.Debug|Any CPU.ActiveCfg = Debug|Any CPU
		{8CDD6778-5C78-4F14-AA05-F1767CF0E116}.Debug|Any CPU.Build.0 = Debug|Any CPU
		{8CDD6778-5C78-4F14-AA05-F1767CF0E116}.Release|Any CPU.ActiveCfg = Release|Any CPU
		{8CDD6778-5C78-4F14-AA05-F1767CF0E116}.Release|Any CPU.Build.0 = Release|Any CPU
	EndGlobalSection
	GlobalSection(SolutionProperties) = preSolution
		HideSolutionNode = FALSE
	EndGlobalSection
	GlobalSection(ExtensibilityGlobals) = postSolution
		SolutionGuid = {091CB7C0-470F-43E1-B776-4771A60C403B}
	EndGlobalSection
EndGlobal
